
Microsoft Visual Studio Solution File, Format Version 12.00
# Visual Studio Version 17
VisualStudioVersion = 17.3.32804.467
MinimumVisualStudioVersion = 10.0.40219.1
Project("{FAE04EC0-301F-11D3-BF4B-00C04F79EFBC}") = "balsam", "balsam\balsam.csproj", "{EE9022CB-280E-4464-B9E3-DBDE74B1FA42}"
EndProject
Global
	GlobalSection(SolutionConfigurationPlatforms) = preSolution
		Debug|Any CPU = Debug|Any CPU
		Release|Any CPU = Release|Any CPU
	EndGlobalSection
	GlobalSection(ProjectConfigurationPlatforms) = postSolution
		{EE9022CB-280E-4464-B9E3-DBDE74B1FA42}.Debug|Any CPU.ActiveCfg = Debug|Any CPU
		{EE9022CB-280E-4464-B9E3-DBDE74B1FA42}.Debug|Any CPU.Build.0 = Debug|Any CPU
		{EE9022CB-280E-4464-B9E3-DBDE74B1FA42}.Release|Any CPU.ActiveCfg = Release|Any CPU
		{EE9022CB-280E-4464-B9E3-DBDE74B1FA42}.Release|Any CPU.Build.0 = Release|Any CPU
	EndGlobalSection
	GlobalSection(SolutionProperties) = preSolution
		HideSolutionNode = FALSE
	EndGlobalSection
	GlobalSection(ExtensibilityGlobals) = postSolution
		SolutionGuid = {62B79218-67AA-471A-BA74-4C471D409468}
	EndGlobalSection
EndGlobal
